// !$*UTF8*$!
{
	archiveVersion = 1;
	classes = {
	};
	objectVersion = 46;
	objects = {

/* Begin PBXBuildFile section */
		75A2FB521D6E123100EDCB9C /* LoginViewController.m in Sources */ = {isa = PBXBuildFile; fileRef = 75A2FB511D6E123100EDCB9C /* LoginViewController.m */; };
		75A2FB551D6E177700EDCB9C /* SignUpViewController.m in Sources */ = {isa = PBXBuildFile; fileRef = 75A2FB541D6E177700EDCB9C /* SignUpViewController.m */; };
		D84400331D6D77E600B8ADF3 /* main.m in Sources */ = {isa = PBXBuildFile; fileRef = D84400321D6D77E600B8ADF3 /* main.m */; };
		D84400361D6D77E600B8ADF3 /* AppDelegate.m in Sources */ = {isa = PBXBuildFile; fileRef = D84400351D6D77E600B8ADF3 /* AppDelegate.m */; };
		D84400391D6D77E600B8ADF3 /* ViewController.m in Sources */ = {isa = PBXBuildFile; fileRef = D84400381D6D77E600B8ADF3 /* ViewController.m */; };
		D844003C1D6D77E600B8ADF3 /* Main.storyboard in Resources */ = {isa = PBXBuildFile; fileRef = D844003A1D6D77E600B8ADF3 /* Main.storyboard */; };
		D844003E1D6D77E600B8ADF3 /* Assets.xcassets in Resources */ = {isa = PBXBuildFile; fileRef = D844003D1D6D77E600B8ADF3 /* Assets.xcassets */; };
		D84400411D6D77E600B8ADF3 /* LaunchScreen.storyboard in Resources */ = {isa = PBXBuildFile; fileRef = D844003F1D6D77E600B8ADF3 /* LaunchScreen.storyboard */; };
		D844004A1D6D851B00B8ADF3 /* Main_StoryBoard.storyboard in Resources */ = {isa = PBXBuildFile; fileRef = D84400491D6D851B00B8ADF3 /* Main_StoryBoard.storyboard */; };
		D844004E1D6D9D5600B8ADF3 /* MainTabBarController.m in Sources */ = {isa = PBXBuildFile; fileRef = D844004D1D6D9D5600B8ADF3 /* MainTabBarController.m */; };
		D84400551D6D9EFC00B8ADF3 /* CityItemViewController.m in Sources */ = {isa = PBXBuildFile; fileRef = D84400541D6D9EFC00B8ADF3 /* CityItemViewController.m */; };
		D844005C1D6DA00600B8ADF3 /* AddPostViewController.m in Sources */ = {isa = PBXBuildFile; fileRef = D844005B1D6DA00600B8ADF3 /* AddPostViewController.m */; };
		D844005F1D6DA01300B8ADF3 /* FeedViewController.m in Sources */ = {isa = PBXBuildFile; fileRef = D844005E1D6DA01300B8ADF3 /* FeedViewController.m */; };
		D84400621D6DA04000B8ADF3 /* NotificationViewController.m in Sources */ = {isa = PBXBuildFile; fileRef = D84400611D6DA04000B8ADF3 /* NotificationViewController.m */; };
		D84400661D6DA0EB00B8ADF3 /* EventViewController.m in Sources */ = {isa = PBXBuildFile; fileRef = D84400651D6DA0EB00B8ADF3 /* EventViewController.m */; };
		D84400751D6DA7E400B8ADF3 /* FeedNavigationController.m in Sources */ = {isa = PBXBuildFile; fileRef = D84400741D6DA7E400B8ADF3 /* FeedNavigationController.m */; };
		D84400781D6DA7FC00B8ADF3 /* EventNavigationController.m in Sources */ = {isa = PBXBuildFile; fileRef = D84400771D6DA7FC00B8ADF3 /* EventNavigationController.m */; };
		D844007B1D6DA80900B8ADF3 /* CityNavigationController.m in Sources */ = {isa = PBXBuildFile; fileRef = D844007A1D6DA80900B8ADF3 /* CityNavigationController.m */; };
		D844007E1D6DA82000B8ADF3 /* AddPostNavigationController.m in Sources */ = {isa = PBXBuildFile; fileRef = D844007D1D6DA82000B8ADF3 /* AddPostNavigationController.m */; };
		D84400811D6DA83200B8ADF3 /* NotificationNavigationController.m in Sources */ = {isa = PBXBuildFile; fileRef = D84400801D6DA83200B8ADF3 /* NotificationNavigationController.m */; };
/* End PBXBuildFile section */

/* Begin PBXFileReference section */
		75A2FB501D6E123100EDCB9C /* LoginViewController.h */ = {isa = PBXFileReference; fileEncoding = 4; lastKnownFileType = sourcecode.c.h; path = LoginViewController.h; sourceTree = "<group>"; };
		75A2FB511D6E123100EDCB9C /* LoginViewController.m */ = {isa = PBXFileReference; fileEncoding = 4; lastKnownFileType = sourcecode.c.objc; path = LoginViewController.m; sourceTree = "<group>"; };
		75A2FB531D6E177700EDCB9C /* SignUpViewController.h */ = {isa = PBXFileReference; fileEncoding = 4; lastKnownFileType = sourcecode.c.h; path = SignUpViewController.h; sourceTree = "<group>"; };
		75A2FB541D6E177700EDCB9C /* SignUpViewController.m */ = {isa = PBXFileReference; fileEncoding = 4; lastKnownFileType = sourcecode.c.objc; path = SignUpViewController.m; sourceTree = "<group>"; };
		D844002E1D6D77E600B8ADF3 /* DigiCity.app */ = {isa = PBXFileReference; explicitFileType = wrapper.application; includeInIndex = 0; path = DigiCity.app; sourceTree = BUILT_PRODUCTS_DIR; };
		D84400321D6D77E600B8ADF3 /* main.m */ = {isa = PBXFileReference; lastKnownFileType = sourcecode.c.objc; path = main.m; sourceTree = "<group>"; };
		D84400341D6D77E600B8ADF3 /* AppDelegate.h */ = {isa = PBXFileReference; lastKnownFileType = sourcecode.c.h; path = AppDelegate.h; sourceTree = "<group>"; };
		D84400351D6D77E600B8ADF3 /* AppDelegate.m */ = {isa = PBXFileReference; lastKnownFileType = sourcecode.c.objc; path = AppDelegate.m; sourceTree = "<group>"; };
		D84400371D6D77E600B8ADF3 /* ViewController.h */ = {isa = PBXFileReference; lastKnownFileType = sourcecode.c.h; path = ViewController.h; sourceTree = "<group>"; };
		D84400381D6D77E600B8ADF3 /* ViewController.m */ = {isa = PBXFileReference; lastKnownFileType = sourcecode.c.objc; path = ViewController.m; sourceTree = "<group>"; };
		D844003B1D6D77E600B8ADF3 /* Base */ = {isa = PBXFileReference; lastKnownFileType = file.storyboard; name = Base; path = Base.lproj/Main.storyboard; sourceTree = "<group>"; };
		D844003D1D6D77E600B8ADF3 /* Assets.xcassets */ = {isa = PBXFileReference; lastKnownFileType = folder.assetcatalog; path = Assets.xcassets; sourceTree = "<group>"; };
		D84400401D6D77E600B8ADF3 /* Base */ = {isa = PBXFileReference; lastKnownFileType = file.storyboard; name = Base; path = Base.lproj/LaunchScreen.storyboard; sourceTree = "<group>"; };
		D84400421D6D77E600B8ADF3 /* Info.plist */ = {isa = PBXFileReference; lastKnownFileType = text.plist.xml; path = Info.plist; sourceTree = "<group>"; };
		D84400491D6D851B00B8ADF3 /* Main_StoryBoard.storyboard */ = {isa = PBXFileReference; fileEncoding = 4; lastKnownFileType = file.storyboard; path = Main_StoryBoard.storyboard; sourceTree = "<group>"; };
		D844004C1D6D9D5600B8ADF3 /* MainTabBarController.h */ = {isa = PBXFileReference; fileEncoding = 4; lastKnownFileType = sourcecode.c.h; path = MainTabBarController.h; sourceTree = "<group>"; };
		D844004D1D6D9D5600B8ADF3 /* MainTabBarController.m */ = {isa = PBXFileReference; fileEncoding = 4; lastKnownFileType = sourcecode.c.objc; path = MainTabBarController.m; sourceTree = "<group>"; };
		D84400531D6D9EFC00B8ADF3 /* CityItemViewController.h */ = {isa = PBXFileReference; fileEncoding = 4; lastKnownFileType = sourcecode.c.h; path = CityItemViewController.h; sourceTree = "<group>"; };
		D84400541D6D9EFC00B8ADF3 /* CityItemViewController.m */ = {isa = PBXFileReference; fileEncoding = 4; lastKnownFileType = sourcecode.c.objc; path = CityItemViewController.m; sourceTree = "<group>"; };
		D844005A1D6DA00600B8ADF3 /* AddPostViewController.h */ = {isa = PBXFileReference; fileEncoding = 4; lastKnownFileType = sourcecode.c.h; path = AddPostViewController.h; sourceTree = "<group>"; };
		D844005B1D6DA00600B8ADF3 /* AddPostViewController.m */ = {isa = PBXFileReference; fileEncoding = 4; lastKnownFileType = sourcecode.c.objc; path = AddPostViewController.m; sourceTree = "<group>"; };
		D844005D1D6DA01300B8ADF3 /* FeedViewController.h */ = {isa = PBXFileReference; fileEncoding = 4; lastKnownFileType = sourcecode.c.h; path = FeedViewController.h; sourceTree = "<group>"; };
		D844005E1D6DA01300B8ADF3 /* FeedViewController.m */ = {isa = PBXFileReference; fileEncoding = 4; lastKnownFileType = sourcecode.c.objc; path = FeedViewController.m; sourceTree = "<group>"; };
		D84400601D6DA04000B8ADF3 /* NotificationViewController.h */ = {isa = PBXFileReference; fileEncoding = 4; lastKnownFileType = sourcecode.c.h; path = NotificationViewController.h; sourceTree = "<group>"; };
		D84400611D6DA04000B8ADF3 /* NotificationViewController.m */ = {isa = PBXFileReference; fileEncoding = 4; lastKnownFileType = sourcecode.c.objc; path = NotificationViewController.m; sourceTree = "<group>"; };
		D84400641D6DA0EB00B8ADF3 /* EventViewController.h */ = {isa = PBXFileReference; fileEncoding = 4; lastKnownFileType = sourcecode.c.h; path = EventViewController.h; sourceTree = "<group>"; };
		D84400651D6DA0EB00B8ADF3 /* EventViewController.m */ = {isa = PBXFileReference; fileEncoding = 4; lastKnownFileType = sourcecode.c.objc; path = EventViewController.m; sourceTree = "<group>"; };
		D844006C1D6DA31100B8ADF3 /* Constants.h */ = {isa = PBXFileReference; lastKnownFileType = sourcecode.c.h; path = Constants.h; sourceTree = "<group>"; };
		D84400731D6DA7E400B8ADF3 /* FeedNavigationController.h */ = {isa = PBXFileReference; fileEncoding = 4; lastKnownFileType = sourcecode.c.h; path = FeedNavigationController.h; sourceTree = "<group>"; };
		D84400741D6DA7E400B8ADF3 /* FeedNavigationController.m */ = {isa = PBXFileReference; fileEncoding = 4; lastKnownFileType = sourcecode.c.objc; path = FeedNavigationController.m; sourceTree = "<group>"; };
		D84400761D6DA7FC00B8ADF3 /* EventNavigationController.h */ = {isa = PBXFileReference; fileEncoding = 4; lastKnownFileType = sourcecode.c.h; path = EventNavigationController.h; sourceTree = "<group>"; };
		D84400771D6DA7FC00B8ADF3 /* EventNavigationController.m */ = {isa = PBXFileReference; fileEncoding = 4; lastKnownFileType = sourcecode.c.objc; path = EventNavigationController.m; sourceTree = "<group>"; };
		D84400791D6DA80900B8ADF3 /* CityNavigationController.h */ = {isa = PBXFileReference; fileEncoding = 4; lastKnownFileType = sourcecode.c.h; path = CityNavigationController.h; sourceTree = "<group>"; };
		D844007A1D6DA80900B8ADF3 /* CityNavigationController.m */ = {isa = PBXFileReference; fileEncoding = 4; lastKnownFileType = sourcecode.c.objc; path = CityNavigationController.m; sourceTree = "<group>"; };
		D844007C1D6DA82000B8ADF3 /* AddPostNavigationController.h */ = {isa = PBXFileReference; fileEncoding = 4; lastKnownFileType = sourcecode.c.h; path = AddPostNavigationController.h; sourceTree = "<group>"; };
		D844007D1D6DA82000B8ADF3 /* AddPostNavigationController.m */ = {isa = PBXFileReference; fileEncoding = 4; lastKnownFileType = sourcecode.c.objc; path = AddPostNavigationController.m; sourceTree = "<group>"; };
		D844007F1D6DA83200B8ADF3 /* NotificationNavigationController.h */ = {isa = PBXFileReference; fileEncoding = 4; lastKnownFileType = sourcecode.c.h; path = NotificationNavigationController.h; sourceTree = "<group>"; };
		D84400801D6DA83200B8ADF3 /* NotificationNavigationController.m */ = {isa = PBXFileReference; fileEncoding = 4; lastKnownFileType = sourcecode.c.objc; path = NotificationNavigationController.m; sourceTree = "<group>"; };
/* End PBXFileReference section */

/* Begin PBXFrameworksBuildPhase section */
		D844002B1D6D77E600B8ADF3 /* Frameworks */ = {
			isa = PBXFrameworksBuildPhase;
			buildActionMask = 2147483647;
			files = (
			);
			runOnlyForDeploymentPostprocessing = 0;
		};
/* End PBXFrameworksBuildPhase section */

/* Begin PBXGroup section */
		75A2FB4C1D6E117D00EDCB9C /* LoginAndSignUpControllers */ = {
			isa = PBXGroup;
			children = (
				75A2FB501D6E123100EDCB9C /* LoginViewController.h */,
				75A2FB511D6E123100EDCB9C /* LoginViewController.m */,
				75A2FB531D6E177700EDCB9C /* SignUpViewController.h */,
				75A2FB541D6E177700EDCB9C /* SignUpViewController.m */,
			);
			path = LoginAndSignUpControllers;
			sourceTree = "<group>";
		};
		D84400251D6D77E600B8ADF3 = {
			isa = PBXGroup;
			children = (
				D84400301D6D77E600B8ADF3 /* DigiCity */,
				D844002F1D6D77E600B8ADF3 /* Products */,
			);
			sourceTree = "<group>";
		};
		D844002F1D6D77E600B8ADF3 /* Products */ = {
			isa = PBXGroup;
			children = (
				D844002E1D6D77E600B8ADF3 /* DigiCity.app */,
			);
			name = Products;
			sourceTree = "<group>";
		};
		D84400301D6D77E600B8ADF3 /* DigiCity */ = {
			isa = PBXGroup;
			children = (
				D84400341D6D77E600B8ADF3 /* AppDelegate.h */,
				D84400351D6D77E600B8ADF3 /* AppDelegate.m */,
				D84400371D6D77E600B8ADF3 /* ViewController.h */,
				D84400381D6D77E600B8ADF3 /* ViewController.m */,
				75A2FB4C1D6E117D00EDCB9C /* LoginAndSignUpControllers */,
				D84400671D6DA25A00B8ADF3 /* Helper */,
				D844006D1D6DA7A400B8ADF3 /* TabNavigationControllers */,
				D844004B1D6D9D2A00B8ADF3 /* MainTabBarController */,
				D84400631D6DA0DB00B8ADF3 /* EventController */,
				D84400591D6D9FF700B8ADF3 /* AddPostController */,
				D84400581D6D9FC500B8ADF3 /* Feed */,
				D84400571D6D9F5000B8ADF3 /* Notification */,
				D84400521D6D9EFC00B8ADF3 /* CityItem */,
				D844003A1D6D77E600B8ADF3 /* Main.storyboard */,
				D84400481D6D84E900B8ADF3 /* StoryBoard */,
				D844003D1D6D77E600B8ADF3 /* Assets.xcassets */,
				D844003F1D6D77E600B8ADF3 /* LaunchScreen.storyboard */,
				D84400421D6D77E600B8ADF3 /* Info.plist */,
				D84400311D6D77E600B8ADF3 /* Supporting Files */,
			);
			path = DigiCity;
			sourceTree = "<group>";
		};
		D84400311D6D77E600B8ADF3 /* Supporting Files */ = {
			isa = PBXGroup;
			children = (
				D84400321D6D77E600B8ADF3 /* main.m */,
			);
			name = "Supporting Files";
			sourceTree = "<group>";
		};
		D84400481D6D84E900B8ADF3 /* StoryBoard */ = {
			isa = PBXGroup;
			children = (
				D84400491D6D851B00B8ADF3 /* Main_StoryBoard.storyboard */,
			);
			path = StoryBoard;
			sourceTree = "<group>";
		};
		D844004B1D6D9D2A00B8ADF3 /* MainTabBarController */ = {
			isa = PBXGroup;
			children = (
				D844004C1D6D9D5600B8ADF3 /* MainTabBarController.h */,
				D844004D1D6D9D5600B8ADF3 /* MainTabBarController.m */,
			);
			path = MainTabBarController;
			sourceTree = "<group>";
		};
		D84400521D6D9EFC00B8ADF3 /* CityItem */ = {
			isa = PBXGroup;
			children = (
				D84400531D6D9EFC00B8ADF3 /* CityItemViewController.h */,
				D84400541D6D9EFC00B8ADF3 /* CityItemViewController.m */,
			);
			path = CityItem;
			sourceTree = "<group>";
		};
		D84400571D6D9F5000B8ADF3 /* Notification */ = {
			isa = PBXGroup;
			children = (
				D84400601D6DA04000B8ADF3 /* NotificationViewController.h */,
				D84400611D6DA04000B8ADF3 /* NotificationViewController.m */,
			);
			path = Notification;
			sourceTree = "<group>";
		};
		D84400581D6D9FC500B8ADF3 /* Feed */ = {
			isa = PBXGroup;
			children = (
				D844005D1D6DA01300B8ADF3 /* FeedViewController.h */,
				D844005E1D6DA01300B8ADF3 /* FeedViewController.m */,
			);
			path = Feed;
			sourceTree = "<group>";
		};
		D84400591D6D9FF700B8ADF3 /* AddPostController */ = {
			isa = PBXGroup;
			children = (
				D844005A1D6DA00600B8ADF3 /* AddPostViewController.h */,
				D844005B1D6DA00600B8ADF3 /* AddPostViewController.m */,
			);
			path = AddPostController;
			sourceTree = "<group>";
		};
		D84400631D6DA0DB00B8ADF3 /* EventController */ = {
			isa = PBXGroup;
			children = (
				D84400641D6DA0EB00B8ADF3 /* EventViewController.h */,
				D84400651D6DA0EB00B8ADF3 /* EventViewController.m */,
			);
			path = EventController;
			sourceTree = "<group>";
		};
		D84400671D6DA25A00B8ADF3 /* Helper */ = {
			isa = PBXGroup;
			children = (
				D84400681D6DA25A00B8ADF3 /* Constants */,
			);
			path = Helper;
			sourceTree = "<group>";
		};
		D84400681D6DA25A00B8ADF3 /* Constants */ = {
			isa = PBXGroup;
			children = (
				D844006C1D6DA31100B8ADF3 /* Constants.h */,
			);
			path = Constants;
			sourceTree = "<group>";
		};
		D844006D1D6DA7A400B8ADF3 /* TabNavigationControllers */ = {
			isa = PBXGroup;
			children = (
				D844006E1D6DA7A400B8ADF3 /* AddPostNavigationController */,
				D844006F1D6DA7A400B8ADF3 /* CityNavigationController */,
				D84400701D6DA7A400B8ADF3 /* EventNavigationController */,
				D84400711D6DA7A400B8ADF3 /* FeedNavigationController */,
				D84400721D6DA7A400B8ADF3 /* NotificationNavigationController */,
			);
			path = TabNavigationControllers;
			sourceTree = "<group>";
		};
		D844006E1D6DA7A400B8ADF3 /* AddPostNavigationController */ = {
			isa = PBXGroup;
			children = (
				D844007C1D6DA82000B8ADF3 /* AddPostNavigationController.h */,
				D844007D1D6DA82000B8ADF3 /* AddPostNavigationController.m */,
			);
			path = AddPostNavigationController;
			sourceTree = "<group>";
		};
		D844006F1D6DA7A400B8ADF3 /* CityNavigationController */ = {
			isa = PBXGroup;
			children = (
				D84400791D6DA80900B8ADF3 /* CityNavigationController.h */,
				D844007A1D6DA80900B8ADF3 /* CityNavigationController.m */,
			);
			path = CityNavigationController;
			sourceTree = "<group>";
		};
		D84400701D6DA7A400B8ADF3 /* EventNavigationController */ = {
			isa = PBXGroup;
			children = (
				D84400761D6DA7FC00B8ADF3 /* EventNavigationController.h */,
				D84400771D6DA7FC00B8ADF3 /* EventNavigationController.m */,
			);
			path = EventNavigationController;
			sourceTree = "<group>";
		};
		D84400711D6DA7A400B8ADF3 /* FeedNavigationController */ = {
			isa = PBXGroup;
			children = (
				D84400731D6DA7E400B8ADF3 /* FeedNavigationController.h */,
				D84400741D6DA7E400B8ADF3 /* FeedNavigationController.m */,
			);
			path = FeedNavigationController;
			sourceTree = "<group>";
		};
		D84400721D6DA7A400B8ADF3 /* NotificationNavigationController */ = {
			isa = PBXGroup;
			children = (
				D844007F1D6DA83200B8ADF3 /* NotificationNavigationController.h */,
				D84400801D6DA83200B8ADF3 /* NotificationNavigationController.m */,
			);
			path = NotificationNavigationController;
			sourceTree = "<group>";
		};
/* End PBXGroup section */

/* Begin PBXNativeTarget section */
		D844002D1D6D77E600B8ADF3 /* DigiCity */ = {
			isa = PBXNativeTarget;
			buildConfigurationList = D84400451D6D77E600B8ADF3 /* Build configuration list for PBXNativeTarget "DigiCity" */;
			buildPhases = (
				D844002A1D6D77E600B8ADF3 /* Sources */,
				D844002B1D6D77E600B8ADF3 /* Frameworks */,
				D844002C1D6D77E600B8ADF3 /* Resources */,
			);
			buildRules = (
			);
			dependencies = (
			);
			name = DigiCity;
			productName = DigiCity;
			productReference = D844002E1D6D77E600B8ADF3 /* DigiCity.app */;
			productType = "com.apple.product-type.application";
		};
/* End PBXNativeTarget section */

/* Begin PBXProject section */
		D84400261D6D77E600B8ADF3 /* Project object */ = {
			isa = PBXProject;
			attributes = {
				LastUpgradeCheck = 0730;
				ORGANIZATIONNAME = Varun;
				TargetAttributes = {
					D844002D1D6D77E600B8ADF3 = {
						CreatedOnToolsVersion = 7.3;
					};
				};
			};
			buildConfigurationList = D84400291D6D77E600B8ADF3 /* Build configuration list for PBXProject "DigiCity" */;
			compatibilityVersion = "Xcode 3.2";
			developmentRegion = English;
			hasScannedForEncodings = 0;
			knownRegions = (
				en,
				Base,
			);
			mainGroup = D84400251D6D77E600B8ADF3;
			productRefGroup = D844002F1D6D77E600B8ADF3 /* Products */;
			projectDirPath = "";
			projectRoot = "";
			targets = (
				D844002D1D6D77E600B8ADF3 /* DigiCity */,
			);
		};
/* End PBXProject section */

/* Begin PBXResourcesBuildPhase section */
		D844002C1D6D77E600B8ADF3 /* Resources */ = {
			isa = PBXResourcesBuildPhase;
			buildActionMask = 2147483647;
			files = (
				D84400411D6D77E600B8ADF3 /* LaunchScreen.storyboard in Resources */,
				D844003E1D6D77E600B8ADF3 /* Assets.xcassets in Resources */,
				D844004A1D6D851B00B8ADF3 /* Main_StoryBoard.storyboard in Resources */,
				D844003C1D6D77E600B8ADF3 /* Main.storyboard in Resources */,
			);
			runOnlyForDeploymentPostprocessing = 0;
		};
/* End PBXResourcesBuildPhase section */

/* Begin PBXSourcesBuildPhase section */
		D844002A1D6D77E600B8ADF3 /* Sources */ = {
			isa = PBXSourcesBuildPhase;
			buildActionMask = 2147483647;
			files = (
				D84400391D6D77E600B8ADF3 /* ViewController.m in Sources */,
				D84400361D6D77E600B8ADF3 /* AppDelegate.m in Sources */,
				D844007B1D6DA80900B8ADF3 /* CityNavigationController.m in Sources */,
				D844005F1D6DA01300B8ADF3 /* FeedViewController.m in Sources */,
				D84400661D6DA0EB00B8ADF3 /* EventViewController.m in Sources */,
				D844005C1D6DA00600B8ADF3 /* AddPostViewController.m in Sources */,
				75A2FB551D6E177700EDCB9C /* SignUpViewController.m in Sources */,
				D844007E1D6DA82000B8ADF3 /* AddPostNavigationController.m in Sources */,
				D84400551D6D9EFC00B8ADF3 /* CityItemViewController.m in Sources */,
				D84400811D6DA83200B8ADF3 /* NotificationNavigationController.m in Sources */,
				D84400621D6DA04000B8ADF3 /* NotificationViewController.m in Sources */,
				D84400781D6DA7FC00B8ADF3 /* EventNavigationController.m in Sources */,
				D844004E1D6D9D5600B8ADF3 /* MainTabBarController.m in Sources */,
				D84400331D6D77E600B8ADF3 /* main.m in Sources */,
				D84400751D6DA7E400B8ADF3 /* FeedNavigationController.m in Sources */,
				75A2FB521D6E123100EDCB9C /* LoginViewController.m in Sources */,
			);
			runOnlyForDeploymentPostprocessing = 0;
		};
/* End PBXSourcesBuildPhase section */

/* Begin PBXVariantGroup section */
		D844003A1D6D77E600B8ADF3 /* Main.storyboard */ = {
			isa = PBXVariantGroup;
			children = (
				D844003B1D6D77E600B8ADF3 /* Base */,
			);
			name = Main.storyboard;
			sourceTree = "<group>";
		};
		D844003F1D6D77E600B8ADF3 /* LaunchScreen.storyboard */ = {
			isa = PBXVariantGroup;
			children = (
				D84400401D6D77E600B8ADF3 /* Base */,
			);
			name = LaunchScreen.storyboard;
			sourceTree = "<group>";
		};
/* End PBXVariantGroup section */

/* Begin XCBuildConfiguration section */
		D84400431D6D77E600B8ADF3 /* Debug */ = {
			isa = XCBuildConfiguration;
			buildSettings = {
				ALWAYS_SEARCH_USER_PATHS = NO;
				CLANG_ANALYZER_NONNULL = YES;
				CLANG_CXX_LANGUAGE_STANDARD = "gnu++0x";
				CLANG_CXX_LIBRARY = "libc++";
				CLANG_ENABLE_MODULES = YES;
				CLANG_ENABLE_OBJC_ARC = YES;
				CLANG_WARN_BOOL_CONVERSION = YES;
				CLANG_WARN_CONSTANT_CONVERSION = YES;
				CLANG_WARN_DIRECT_OBJC_ISA_USAGE = YES_ERROR;
				CLANG_WARN_EMPTY_BODY = YES;
				CLANG_WARN_ENUM_CONVERSION = YES;
				CLANG_WARN_INT_CONVERSION = YES;
				CLANG_WARN_OBJC_ROOT_CLASS = YES_ERROR;
				CLANG_WARN_UNREACHABLE_CODE = YES;
				CLANG_WARN__DUPLICATE_METHOD_MATCH = YES;
				"CODE_SIGN_IDENTITY[sdk=iphoneos*]" = "iPhone Developer";
				COPY_PHASE_STRIP = NO;
				DEBUG_INFORMATION_FORMAT = dwarf;
				ENABLE_STRICT_OBJC_MSGSEND = YES;
				ENABLE_TESTABILITY = YES;
				GCC_C_LANGUAGE_STANDARD = gnu99;
				GCC_DYNAMIC_NO_PIC = NO;
				GCC_NO_COMMON_BLOCKS = YES;
				GCC_OPTIMIZATION_LEVEL = 0;
				GCC_PREPROCESSOR_DEFINITIONS = (
					"DEBUG=1",
					"$(inherited)",
				);
				GCC_WARN_64_TO_32_BIT_CONVERSION = YES;
				GCC_WARN_ABOUT_RETURN_TYPE = YES_ERROR;
				GCC_WARN_UNDECLARED_SELECTOR = YES;
				GCC_WARN_UNINITIALIZED_AUTOS = YES_AGGRESSIVE;
				GCC_WARN_UNUSED_FUNCTION = YES;
				GCC_WARN_UNUSED_VARIABLE = YES;
				IPHONEOS_DEPLOYMENT_TARGET = 9.3;
				MTL_ENABLE_DEBUG_INFO = YES;
				ONLY_ACTIVE_ARCH = YES;
				SDKROOT = iphoneos;
			};
			name = Debug;
		};
		D84400441D6D77E600B8ADF3 /* Release */ = {
			isa = XCBuildConfiguration;
			buildSettings = {
				ALWAYS_SEARCH_USER_PATHS = NO;
				CLANG_ANALYZER_NONNULL = YES;
				CLANG_CXX_LANGUAGE_STANDARD = "gnu++0x";
				CLANG_CXX_LIBRARY = "libc++";
				CLANG_ENABLE_MODULES = YES;
				CLANG_ENABLE_OBJC_ARC = YES;
				CLANG_WARN_BOOL_CONVERSION = YES;
				CLANG_WARN_CONSTANT_CONVERSION = YES;
				CLANG_WARN_DIRECT_OBJC_ISA_USAGE = YES_ERROR;
				CLANG_WARN_EMPTY_BODY = YES;
				CLANG_WARN_ENUM_CONVERSION = YES;
				CLANG_WARN_INT_CONVERSION = YES;
				CLANG_WARN_OBJC_ROOT_CLASS = YES_ERROR;
				CLANG_WARN_UNREACHABLE_CODE = YES;
				CLANG_WARN__DUPLICATE_METHOD_MATCH = YES;
				"CODE_SIGN_IDENTITY[sdk=iphoneos*]" = "iPhone Developer";
				COPY_PHASE_STRIP = NO;
				DEBUG_INFORMATION_FORMAT = "dwarf-with-dsym";
				ENABLE_NS_ASSERTIONS = NO;
				ENABLE_STRICT_OBJC_MSGSEND = YES;
				GCC_C_LANGUAGE_STANDARD = gnu99;
				GCC_NO_COMMON_BLOCKS = YES;
				GCC_WARN_64_TO_32_BIT_CONVERSION = YES;
				GCC_WARN_ABOUT_RETURN_TYPE = YES_ERROR;
				GCC_WARN_UNDECLARED_SELECTOR = YES;
				GCC_WARN_UNINITIALIZED_AUTOS = YES_AGGRESSIVE;
				GCC_WARN_UNUSED_FUNCTION = YES;
				GCC_WARN_UNUSED_VARIABLE = YES;
				IPHONEOS_DEPLOYMENT_TARGET = 9.3;
				MTL_ENABLE_DEBUG_INFO = NO;
				SDKROOT = iphoneos;
				VALIDATE_PRODUCT = YES;
			};
			name = Release;
		};
		D84400461D6D77E600B8ADF3 /* Debug */ = {
			isa = XCBuildConfiguration;
			buildSettings = {
				ASSETCATALOG_COMPILER_APPICON_NAME = AppIcon;
				INFOPLIST_FILE = DigiCity/Info.plist;
				LD_RUNPATH_SEARCH_PATHS = "$(inherited) @executable_path/Frameworks";
				PRODUCT_BUNDLE_IDENTIFIER = varun.com.DigiCity;
				PRODUCT_NAME = "$(TARGET_NAME)";
			};
			name = Debug;
		};
		D84400471D6D77E600B8ADF3 /* Release */ = {
			isa = XCBuildConfiguration;
			buildSettings = {
				ASSETCATALOG_COMPILER_APPICON_NAME = AppIcon;
				INFOPLIST_FILE = DigiCity/Info.plist;
				LD_RUNPATH_SEARCH_PATHS = "$(inherited) @executable_path/Frameworks";
				PRODUCT_BUNDLE_IDENTIFIER = varun.com.DigiCity;
				PRODUCT_NAME = "$(TARGET_NAME)";
			};
			name = Release;
		};
/* End XCBuildConfiguration section */

/* Begin XCConfigurationList section */
		D84400291D6D77E600B8ADF3 /* Build configuration list for PBXProject "DigiCity" */ = {
			isa = XCConfigurationList;
			buildConfigurations = (
				D84400431D6D77E600B8ADF3 /* Debug */,
				D84400441D6D77E600B8ADF3 /* Release */,
			);
			defaultConfigurationIsVisible = 0;
			defaultConfigurationName = Release;
		};
		D84400451D6D77E600B8ADF3 /* Build configuration list for PBXNativeTarget "DigiCity" */ = {
			isa = XCConfigurationList;
			buildConfigurations = (
				D84400461D6D77E600B8ADF3 /* Debug */,
				D84400471D6D77E600B8ADF3 /* Release */,
			);
			defaultConfigurationIsVisible = 0;
			defaultConfigurationName = Release;
		};
/* End XCConfigurationList section */
	};
	rootObject = D84400261D6D77E600B8ADF3 /* Project object */;
}
